
Microsoft Visual Studio Solution File, Format Version 12.00
# Visual Studio Version 17
VisualStudioVersion = 17.4.33205.214
MinimumVisualStudioVersion = 10.0.40219.1
Project("{8BC9CEB8-8B4A-11D0-8D11-00A0C91BC942}") = "Leetcode", "Leetcode\Leetcode.vcxproj", "{AB9C600A-4D6E-4A19-9FB2-4C46A93B276E}"
EndProject
Project("{8BC9CEB8-8B4A-11D0-8D11-00A0C91BC942}") = "LeetcodeLib", "Leetcode\LeetcodeLib.vcxproj", "{0E351AC0-BD34-40A7-82D5-AF05908E4726}"
EndProject
Global
	GlobalSection(SolutionConfigurationPlatforms) = preSolution
		Debug|x64 = Debug|x64
		Debug|x86 = Debug|x86
		Release|x64 = Release|x64
		Release|x86 = Release|x86
	EndGlobalSection
	GlobalSection(ProjectConfigurationPlatforms) = postSolution
		{AB9C600A-4D6E-4A19-9FB2-4C46A93B276E}.Debug|x64.ActiveCfg = Debug|x64
		{AB9C600A-4D6E-4A19-9FB2-4C46A93B276E}.Debug|x64.Build.0 = Debug|x64
		{AB9C600A-4D6E-4A19-9FB2-4C46A93B276E}.Debug|x86.ActiveCfg = Debug|Win32
		{AB9C600A-4D6E-4A19-9FB2-4C46A93B276E}.Debug|x86.Build.0 = Debug|Win32
		{AB9C600A-4D6E-4A19-9FB2-4C46A93B276E}.Release|x64.ActiveCfg = Release|x64
		{AB9C600A-4D6E-4A19-9FB2-4C46A93B276E}.Release|x64.Build.0 = Release|x64
		{AB9C600A-4D6E-4A19-9FB2-4C46A93B276E}.Release|x86.ActiveCfg = Release|Win32
		{AB9C600A-4D6E-4A19-9FB2-4C46A93B276E}.Release|x86.Build.0 = Release|Win32
		{0E351AC0-BD34-40A7-82D5-AF05908E4726}.Debug|x64.ActiveCfg = Debug|x64
		{0E351AC0-BD34-40A7-82D5-AF05908E4726}.Debug|x64.Build.0 = Debug|x64
		{0E351AC0-BD34-40A7-82D5-AF05908E4726}.Debug|x86.ActiveCfg = Debug|Win32
		{0E351AC0-BD34-40A7-82D5-AF05908E4726}.Debug|x86.Build.0 = Debug|Win32
		{0E351AC0-BD34-40A7-82D5-AF05908E4726}.Release|x64.ActiveCfg = Release|x64
		{0E351AC0-BD34-40A7-82D5-AF05908E4726}.Release|x64.Build.0 = Release|x64
		{0E351AC0-BD34-40A7-82D5-AF05908E4726}.Release|x86.ActiveCfg = Release|Win32
		{0E351AC0-BD34-40A7-82D5-AF05908E4726}.Release|x86.Build.0 = Release|Win32
	EndGlobalSection
	GlobalSection(SolutionProperties) = preSolution
		HideSolutionNode = FALSE
	EndGlobalSection
	GlobalSection(ExtensibilityGlobals) = postSolution
		SolutionGuid = {FC5F706F-5E87-4982-AB55-A2196C34FF4E}
	EndGlobalSection
EndGlobal
