<?xml version="1.0" encoding="utf-8"?>
<Project ToolsVersion="4.0" xmlns="http://schemas.microsoft.com/developer/msbuild/2003">
  <ItemGroup>
    <ClCompile Include="..\Leetcode\3lengthOfLongestSubstring.cpp">
      <Filter>done</Filter>
    </ClCompile>
    <ClCompile Include="..\Leetcode\4findMedianSortedArrays.cpp">
      <Filter>done</Filter>
    </ClCompile>
    <ClCompile Include="..\Leetcode\5longestPalindrome.cpp">
      <Filter>done</Filter>
    </ClCompile>
    <ClCompile Include="..\Leetcode\6convert.cpp">
      <Filter>done</Filter>
    </ClCompile>
    <ClCompile Include="8myAtoi.cpp">
      <Filter>done</Filter>
    </ClCompile>
    <ClCompile Include="9isPalindrome.cpp">
      <Filter>done</Filter>
    </ClCompile>
    <ClCompile Include="10isMatch.cpp">
      <Filter>done</Filter>
    </ClCompile>
    <ClCompile Include="11maxArea.cpp">
      <Filter>done</Filter>
    </ClCompile>
    <ClCompile Include="12intToRoman.cpp">
      <Filter>done</Filter>
    </ClCompile>
    <ClCompile Include="13romanToInt.cpp">
      <Filter>done</Filter>
    </ClCompile>
    <ClCompile Include="15threeSum.cpp">
      <Filter>done</Filter>
    </ClCompile>
    <ClCompile Include="16threeSumClosest.cpp">
      <Filter>done</Filter>
    </ClCompile>
    <ClCompile Include="1096.braceExpansionII.cpp">
      <Filter>done</Filter>
    </ClCompile>
    <ClCompile Include="1590.minSubarray.cpp">
      <Filter>done</Filter>
    </ClCompile>
    <ClCompile Include="2512.topStudents.cpp">
      <Filter>done</Filter>
    </ClCompile>
    <ClCompile Include="2513.minimizeSet.cpp">
      <Filter>done</Filter>
    </ClCompile>
    <ClCompile Include="2563.countFairPairs.cpp">
      <Filter>done</Filter>
    </ClCompile>
    <ClCompile Include="2564.countFairPairs.cpp">
      <Filter>done</Filter>
    </ClCompile>
    <ClCompile Include="2566.minMaxDifference.cpp">
      <Filter>done</Filter>
    </ClCompile>
    <ClCompile Include="2567.minimizeSum.cpp">
      <Filter>done</Filter>
    </ClCompile>
    <ClCompile Include="2571.minOperations.cpp">
      <Filter>done</Filter>
    </ClCompile>
    <ClCompile Include="2572.squareFreeSubsets.cpp">
      <Filter>done</Filter>
    </ClCompile>
    <ClCompile Include="interview.16.13.cutSquares.cpp">
      <Filter>done</Filter>
    </ClCompile>
    <ClCompile Include="lcp.71.reservoir.cpp">
      <Filter>done</Filter>
    </ClCompile>
    <ClCompile Include="lcp63.ballGame.cpp">
      <Filter>done</Filter>
    </ClCompile>
    <ClCompile Include="lcp69.Leetcode.cpp">
      <Filter>done</Filter>
    </ClCompile>
    <ClCompile Include="1605.restoreMatrix.cpp">
      <Filter>done</Filter>
    </ClCompile>
    <ClCompile Include="lcp65.unSuitability.cpp">
      <Filter>done</Filter>
    </ClCompile>
    <ClCompile Include="2488.countSubarrays.cpp">
      <Filter>done</Filter>
    </ClCompile>
    <ClCompile Include="lcp60.getMaxLayerSum.cpp">
      <Filter>done</Filter>
    </ClCompile>
    <ClCompile Include="1012.numDupDigitsAtMostN.cpp">
      <Filter>done</Filter>
    </ClCompile>
    <ClCompile Include="1626.bestTeamScore.cpp">
      <Filter>done</Filter>
    </ClCompile>
    <ClCompile Include="1630.checkArithmeticSubarrays.cpp">
      <Filter>done</Filter>
    </ClCompile>
    <ClCompile Include="1638.countSubstrings.cpp">
      <Filter>done</Filter>
    </ClCompile>
    <ClCompile Include="lcp59.buildBridge.cpp">
      <Filter>done</Filter>
    </ClCompile>
    <ClCompile Include="lcp58.composeCube.cpp">
      <Filter>done</Filter>
    </ClCompile>
    <ClCompile Include="1092.shortestCommonSupersequence.cpp">
      <Filter>done</Filter>
    </ClCompile>
    <ClCompile Include="2501.longestSquareStreak.cpp">
      <Filter>done</Filter>
    </ClCompile>
    <ClCompile Include="2502.Allocator.cpp">
      <Filter>done</Filter>
    </ClCompile>
    <ClCompile Include="2602.minOperations.cpp">
      <Filter>done</Filter>
    </ClCompile>
    <ClCompile Include="2601.primeSubOperation.cpp">
      <Filter>done</Filter>
    </ClCompile>
    <ClCompile Include="1053.prevPermOpt1.cpp">
      <Filter>done</Filter>
    </ClCompile>
    <ClCompile Include="1039.minScoreTriangulation.cpp">
      <Filter>done</Filter>
    </ClCompile>
    <ClCompile Include="2611.miceAndCheese.cpp">
      <Filter>done</Filter>
    </ClCompile>
    <ClCompile Include="2516.takeCharacters.cpp">
      <Filter>done</Filter>
    </ClCompile>
    <ClCompile Include="2517.maximumTastiness.cpp">
      <Filter>done</Filter>
    </ClCompile>
    <ClCompile Include="2521.distinctPrimeFactors.cpp">
      <Filter>done</Filter>
    </ClCompile>
    <ClCompile Include="2522.minimumPartition.cpp">
      <Filter>done</Filter>
    </ClCompile>
    <ClCompile Include="2523.closestPrimes.cpp">
      <Filter>done</Filter>
    </ClCompile>
    <ClCompile Include="2527.xorBeauty.cpp">
      <Filter>done</Filter>
    </ClCompile>
    <ClCompile Include="1000.mergeStones.cpp">
      <Filter>done</Filter>
    </ClCompile>
    <ClCompile Include="2536.rangeAddQueries.cpp">
      <Filter>done</Filter>
    </ClCompile>
    <ClCompile Include="2537.countGood.cpp">
      <Filter>done</Filter>
    </ClCompile>
    <ClCompile Include="2580.countWays.cpp">
      <Filter>done</Filter>
    </ClCompile>
    <ClCompile Include="2593.findScore.cpp">
      <Filter>done</Filter>
    </ClCompile>
    <ClCompile Include="2594.repairCars.cpp">
      <Filter>done</Filter>
    </ClCompile>
    <ClCompile Include="2597.beautifulSubsets.cpp">
      <Filter>done</Filter>
    </ClCompile>
    <ClCompile Include="2607.makeSubKSumEqual.cpp">
      <Filter>done</Filter>
    </ClCompile>
    <ClCompile Include="2342.maximumSum.cpp">
      <Filter>done</Filter>
    </ClCompile>
    <ClCompile Include="2348.zeroFilledSubarray.cpp">
      <Filter>done</Filter>
    </ClCompile>
    <ClCompile Include="2353.FoodRatings.cpp">
      <Filter>done</Filter>
    </ClCompile>
    <ClCompile Include="2359.closestMeetingNode.cpp">
      <Filter>done</Filter>
    </ClCompile>
    <ClCompile Include="2364.countBadPairs.cpp">
      <Filter>done</Filter>
    </ClCompile>
    <ClCompile Include="1040.numMovesStonesII.cpp">
      <Filter>done</Filter>
    </ClCompile>
    <ClCompile Include="2368.reachableNodes.cpp">
      <Filter>done</Filter>
    </ClCompile>
    <ClCompile Include="2369.validPartition.cpp">
      <Filter>done</Filter>
    </ClCompile>
    <ClCompile Include="2370.longestIdealString.cpp">
      <Filter>done</Filter>
    </ClCompile>
    <ClCompile Include="2375.smallestNumber.cpp">
      <Filter>done</Filter>
    </ClCompile>
    <ClCompile Include="2385.amountOfTime.cpp">
      <Filter>done</Filter>
    </ClCompile>
    <ClCompile Include="2615.distance.cpp">
      <Filter>done</Filter>
    </ClCompile>
    <ClCompile Include="2616.minimizeMax.cpp">
      <Filter>done</Filter>
    </ClCompile>
    <ClCompile Include="2498.maxJump.cpp">
      <Filter>done</Filter>
    </ClCompile>
    <ClCompile Include="2477.minimumFuelCost.cpp">
      <Filter>done</Filter>
    </ClCompile>
    <ClCompile Include="2470.subarrayLCM.cpp">
      <Filter>done</Filter>
    </ClCompile>
    <ClCompile Include="2467.mostProfitablePath.cpp">
      <Filter>done</Filter>
    </ClCompile>
    <ClCompile Include="2466.countGoodStrings.cpp">
      <Filter>done</Filter>
    </ClCompile>
    <ClCompile Include="2462.totalCost.cpp">
      <Filter>done</Filter>
    </ClCompile>
    <ClCompile Include="2461.maximumSubarraySum.cpp">
      <Filter>done</Filter>
    </ClCompile>
    <ClCompile Include="2457.makeIntegerBeautiful.cpp">
      <Filter>done</Filter>
    </ClCompile>
    <ClCompile Include="2456.mostPopularCreator.cpp">
      <Filter>done</Filter>
    </ClCompile>
    <ClCompile Include="1147.longestDecomposition.cpp">
      <Filter>done</Filter>
    </ClCompile>
    <ClCompile Include="2453.destroyTargets.cpp">
      <Filter>done</Filter>
    </ClCompile>
    <ClCompile Include="2452.twoEditWords.cpp">
      <Filter>done</Filter>
    </ClCompile>
    <ClCompile Include="2451.oddString.cpp">
      <Filter>done</Filter>
    </ClCompile>
    <ClCompile Include="2447.subarrayGCD.cpp">
      <Filter>done</Filter>
    </ClCompile>
    <ClCompile Include="2443.sumOfNumberAndReverse.cpp">
      <Filter>done</Filter>
    </ClCompile>
    <ClCompile Include="2438.productQueries.cpp">
      <Filter>done</Filter>
    </ClCompile>
    <ClCompile Include="2434.robotWithString.cpp">
      <Filter>done</Filter>
    </ClCompile>
    <ClCompile Include="2429.minimizeXor.cpp">
      <Filter>done</Filter>
    </ClCompile>
    <ClCompile Include="2428.maxSum.cpp">
      <Filter>done</Filter>
    </ClCompile>
    <ClCompile Include="2391.garbageCollection.cpp">
      <Filter>done</Filter>
    </ClCompile>
    <ClCompile Include="2397.maximumRows.cpp">
      <Filter>done</Filter>
    </ClCompile>
    <ClCompile Include="2400.numberOfWays.cpp">
      <Filter>done</Filter>
    </ClCompile>
    <ClCompile Include="2401.longestNiceSubarray.cpp">
      <Filter>done</Filter>
    </ClCompile>
    <ClCompile Include="2410.matchPlayersAndTrainers.cpp">
      <Filter>done</Filter>
    </ClCompile>
    <ClCompile Include="2411.smallestSubarrays.cpp">
      <Filter>done</Filter>
    </ClCompile>
    <ClCompile Include="2420.goodIndices.cpp">
      <Filter>done</Filter>
    </ClCompile>
    <ClCompile Include="2406.minGroups.cpp">
      <Filter>done</Filter>
    </ClCompile>
    <ClCompile Include="1601.smallestEquivalentString.cpp">
      <Filter>done</Filter>
    </ClCompile>
    <ClCompile Include="lcp.04.domino.cpp">
      <Filter>done</Filter>
    </ClCompile>
    <ClCompile Include="1043.maxSumAfterPartitioning.cpp">
      <Filter>done</Filter>
    </ClCompile>
    <ClCompile Include="1187.makeArrayIncreasing.cpp">
      <Filter>done</Filter>
    </ClCompile>
    <ClCompile Include="lcp.05.LeetCoin.cpp">
      <Filter>done</Filter>
    </ClCompile>
    <ClCompile Include="lcp.13.minimalSteps.cpp">
      <Filter>done</Filter>
    </ClCompile>
    <ClCompile Include="lcp.14.splitArray.cpp">
      <Filter>done</Filter>
    </ClCompile>
    <ClCompile Include="1105.minHeightShelves.cpp">
      <Filter>done</Filter>
    </ClCompile>
    <ClCompile Include="lcp.72.supplyWagon.cpp">
      <Filter>done</Filter>
    </ClCompile>
    <ClCompile Include="lcp.74.fieldOfGreatestBlessing.cpp">
      <Filter>done</Filter>
    </ClCompile>
    <ClCompile Include="lcp.20.busRapidTransit.cpp">
      <Filter>done</Filter>
    </ClCompile>
    <ClCompile Include="1163.lastSubstring.cpp">
      <Filter>done</Filter>
    </ClCompile>
    <ClCompile Include="1031.maxSumTwoNoOverlap.cpp">
      <Filter>done</Filter>
    </ClCompile>
    <ClCompile Include="1192.criticalConnections.cpp">
      <Filter>done</Filter>
    </ClCompile>
    <ClCompile Include="6404.countOperationsToEmptyArray.cpp">
      <Filter>done</Filter>
    </ClCompile>
    <ClCompile Include="lcp.76.getSchemeCount.cpp">
      <Filter>done</Filter>
    </ClCompile>
    <ClCompile Include="1376.numOfMinutes.cpp">
      <Filter>done</Filter>
    </ClCompile>
    <ClCompile Include="interview.17.25.maxRectangle.cpp">
      <Filter>done</Filter>
    </ClCompile>
    <ClCompile Include="lcp.75.challengeOfTheKeeper.cpp">
      <Filter>done</Filter>
    </ClCompile>
    <ClCompile Include="lcp.53.defendSpaceCity.cpp">
      <Filter>done</Filter>
    </ClCompile>
    <ClCompile Include="1003.isValid.cpp">
      <Filter>done</Filter>
    </ClCompile>
    <ClCompile Include="2106.maxTotalFruits.cpp">
      <Filter>done</Filter>
    </ClCompile>
    <ClCompile Include="2432.hardestWorker.cpp">
      <Filter>done</Filter>
    </ClCompile>
    <ClCompile Include="1263.minPushBox.cpp">
      <Filter>done</Filter>
    </ClCompile>
    <ClCompile Include="2661.firstCompleteIndex.cpp">
      <Filter>done</Filter>
    </ClCompile>
    <ClCompile Include="2662.minimumCost.cpp">
      <Filter>done</Filter>
    </ClCompile>
    <ClCompile Include="lcp.79.extractMantra.cpp">
      <Filter>done</Filter>
    </ClCompile>
    <ClCompile Include="lcp.81.getNandResult.cpp">
      <Filter>done</Filter>
    </ClCompile>
    <ClCompile Include="1330.maxValueAfterReverse.cpp">
      <Filter>done</Filter>
    </ClCompile>
    <ClCompile Include="lcp.80.evolutionaryRecord.cpp">
      <Filter>done</Filter>
    </ClCompile>
    <ClCompile Include="1373.maxSumBST.cpp">
      <Filter>done</Filter>
    </ClCompile>
    <ClCompile Include="2681.sumOfPower.cpp">
      <Filter>done</Filter>
    </ClCompile>
    <ClCompile Include="2684.maxMoves.cpp">
      <Filter>done</Filter>
    </ClCompile>
    <ClCompile Include="1072.maxEqualRowsAfterFlips.cpp">
      <Filter>done</Filter>
    </ClCompile>
    <ClCompile Include="1073.addNegabinary.cpp">
      <Filter>done</Filter>
    </ClCompile>
    <ClCompile Include="1079.numTilePossibilities.cpp">
      <Filter>done</Filter>
    </ClCompile>
    <ClCompile Include="1335.minDifficulty.cpp">
      <Filter>done</Filter>
    </ClCompile>
    <ClCompile Include="2446.haveConflict.cpp">
      <Filter>done</Filter>
    </ClCompile>
    <ClCompile Include="lcp.42.circleGame.cpp">
      <Filter>done</Filter>
    </ClCompile>
    <ClCompile Include="1080.sufficientSubset.cpp">
      <Filter>done</Filter>
    </ClCompile>
    <ClCompile Include="1090.largestValsFromLabels.cpp">
      <Filter>done</Filter>
    </ClCompile>
    <ClCompile Include="1377.frogPosition.cpp">
      <Filter>done</Filter>
    </ClCompile>
    <ClCompile Include="1091.shortestPathBinaryMatrix.cpp">
      <Filter>done</Filter>
    </ClCompile>
    <ClCompile Include="1439.kthSmallest.cpp">
      <Filter>done</Filter>
    </ClCompile>
    <ClCompile Include="1130.mctFromLeafValues.cpp">
      <Filter>done</Filter>
    </ClCompile>
    <ClCompile Include="2709.canTraverseAllPairs.cpp">
      <Filter>done</Filter>
    </ClCompile>
    <ClCompile Include="1156.maxRepOpt1.cpp">
      <Filter>done</Filter>
    </ClCompile>
    <ClCompile Include="lcp.15.visitOrder.cpp">
      <Filter>done</Filter>
    </ClCompile>
    <ClCompile Include="2719.count.cpp">
      <Filter>done</Filter>
    </ClCompile>
    <ClCompile Include="2352.equalPairs.cpp">
      <Filter>done</Filter>
    </ClCompile>
    <ClCompile Include="2699.modifiedGraphEdges.cpp">
      <Filter>done</Filter>
    </ClCompile>
    <ClCompile Include="1483.TreeAncestor.cpp">
      <Filter>done</Filter>
    </ClCompile>
    <ClCompile Include="2685.countCompleteComponents.cpp">
      <Filter>done</Filter>
    </ClCompile>
    <ClCompile Include="2736.maximumSumQueries.cpp">
      <Filter>done</Filter>
    </ClCompile>
    <ClCompile Include="2732.goodSubsetofBinaryMatrix.cpp">
      <Filter>done</Filter>
    </ClCompile>
    <ClCompile Include="1494.minNumberOfSemesters.cpp">
      <Filter>done</Filter>
    </ClCompile>
    <ClCompile Include="1595.connectTwoGroups.cpp">
      <Filter>done</Filter>
    </ClCompile>
    <ClCompile Include="lcp.41.flipChess.cpp">
      <Filter>done</Filter>
    </ClCompile>
    <ClCompile Include="2741.specialPerm.cpp">
      <Filter>done</Filter>
    </ClCompile>
    <ClCompile Include="2742.paintWalls.cpp">
      <Filter>done</Filter>
    </ClCompile>
    <ClCompile Include="1659.getMaxGridHappiness.cpp">
      <Filter>done</Filter>
    </ClCompile>
    <ClCompile Include="lcp.37.minRecSize.cpp">
      <Filter>done</Filter>
    </ClCompile>
    <ClCompile Include="1401.checkOverlap.cpp">
      <Filter>done</Filter>
    </ClCompile>
    <ClCompile Include="1186.maximumSum.cpp">
      <Filter>done</Filter>
    </ClCompile>
    <ClCompile Include="lcp.36.maxGroupNumber.cpp">
      <Filter>done</Filter>
    </ClCompile>
    <ClCompile Include="1681.minimumIncompatibility.cpp">
      <Filter>done</Filter>
    </ClCompile>
    <ClCompile Include="2745.longestString.cpp">
      <Filter>done</Filter>
    </ClCompile>
    <ClCompile Include="2746.minimizeConcatenatedLength.cpp">
      <Filter>done</Filter>
    </ClCompile>
    <ClCompile Include="2751.survivedRobotsHealths.cpp">
      <Filter>done</Filter>
    </ClCompile>
    <ClCompile Include="lcp.21.chaseGame.cpp">
      <Filter>done</Filter>
    </ClCompile>
    <ClCompile Include="lcp.27.BlackBox.cpp">
      <Filter>done</Filter>
    </ClCompile>
    <ClCompile Include="2763.sumImbalanceNumbers.cpp">
      <Filter>done</Filter>
    </ClCompile>
    <ClCompile Include="2532.findCrossingTime.cpp">
      <Filter>done</Filter>
    </ClCompile>
    <ClCompile Include="lcp.35.electricCarPlan.cpp">
      <Filter>done</Filter>
    </ClCompile>
    <ClCompile Include="1851.minInterval.cpp">
      <Filter>done</Filter>
    </ClCompile>
    <ClCompile Include="2781.longestValidSubstring.cpp">
      <Filter>done</Filter>
    </ClCompile>
    <ClCompile Include="lcp.35.electricCarPlan.cpp">
      <Filter>done</Filter>
    </ClCompile>
    <ClCompile Include="2569.handleQuery.cpp">
      <Filter>done</Filter>
    </ClCompile>
    <ClCompile Include="lcp.43.trafficCommand.cpp">
      <Filter>done</Filter>
    </ClCompile>
    <ClCompile Include="1036.isEscapePossible.cpp">
      <Filter>done</Filter>
    </ClCompile>
    <ClCompile Include="2663.smallestBeautifulString.cpp">
      <Filter>done</Filter>
    </ClCompile>
    <ClCompile Include="2646.minimumTotalPrice.cpp">
      <Filter>done</Filter>
    </ClCompile>
    <ClCompile Include="2617.minimumVisitedCells.cpp">
      <Filter>done</Filter>
    </ClCompile>
    <ClCompile Include="980.uniquePathsIII.cpp">
      <Filter>done</Filter>
    </ClCompile>
    <ClCompile Include="2612.minReverseOperations.cpp">
      <Filter>done</Filter>
    </ClCompile>
    <ClCompile Include="2809.minimumTime.cpp">
      <Filter>done</Filter>
    </ClCompile>
    <ClCompile Include="2813.findMaximumElegance.cpp">
      <Filter>done</Filter>
    </ClCompile>
    <ClCompile Include="2608.findShortestCycle.cpp">
      <Filter>done</Filter>
    </ClCompile>
    <ClCompile Include="2603.collectTheCoins.cpp">
      <Filter>done</Filter>
    </ClCompile>
    <ClCompile Include="2589.findMinimumTime.cpp">
      <Filter>done</Filter>
    </ClCompile>
    <ClCompile Include="2585.waysToReachTarget.cpp">
      <Filter>done</Filter>
    </ClCompile>
    <ClCompile Include="2584.findValidSplit.cpp">
      <Filter>done</Filter>
    </ClCompile>
    <ClCompile Include="2581.rootCount.cpp">
      <Filter>done</Filter>
    </ClCompile>
    <ClCompile Include="1287.minFallingPathSum.cpp">
      <Filter>done</Filter>
    </ClCompile>
    <ClCompile Include="2577.minimumTime.cpp">
      <Filter>done</Filter>
    </ClCompile>
    <ClCompile Include="2573.findTheString.cpp">
      <Filter>done</Filter>
    </ClCompile>
    <ClCompile Include="2561.minCost.cpp">
      <Filter>done</Filter>
    </ClCompile>
    <ClCompile Include="2565.minimumScore.cpp">
      <Filter>done</Filter>
    </ClCompile>
    <ClCompile Include="2552.countQuadruplets.cpp">
      <Filter>done</Filter>
    </ClCompile>
    <ClCompile Include="2547.minCost.cpp">
      <Filter>done</Filter>
    </ClCompile>
    <ClCompile Include="2538.maxOutput.cpp">
      <Filter>done</Filter>
    </ClCompile>
    <ClCompile Include="2528.maxPower.cpp">
      <Filter>done</Filter>
    </ClCompile>
    <ClCompile Include="2518.countPartitions.cpp">
      <Filter>done</Filter>
    </ClCompile>
    <ClCompile Include="2514.countAnagrams.cpp">
      <Filter>done</Filter>
    </ClCompile>
    <ClCompile Include="2509.cycleLengthQueries.cpp">
      <Filter>done</Filter>
    </ClCompile>
    <ClCompile Include="2508.isPossible.cpp">
      <Filter>done</Filter>
    </ClCompile>
    <ClCompile Include="2503.maxPoints.cpp">
      <Filter>done</Filter>
    </ClCompile>
    <ClCompile Include="2499.minimumTotalCost.cpp">
      <Filter>done</Filter>
    </ClCompile>
    <ClCompile Include="833.findReplaceString.cpp">
      <Filter>done</Filter>
    </ClCompile>
    <ClCompile Include="2493.magnificentSets.cpp">
      <Filter>done</Filter>
    </ClCompile>
    <ClCompile Include="2818.maximumScore.cpp">
      <Filter>done</Filter>
    </ClCompile>
    <ClCompile Include="2484.countPalindromes.cpp">
      <Filter>done</Filter>
    </ClCompile>
    <ClCompile Include="2478.beautifulPartitions.cpp">
      <Filter>done</Filter>
    </ClCompile>
    <ClCompile Include="2472.maxPalindromes.cpp">
      <Filter>done</Filter>
    </ClCompile>
    <ClCompile Include="2468.splitMessage.cpp">
      <Filter>done</Filter>
    </ClCompile>
    <ClCompile Include="2463.minimumTotalDistance.cpp">
      <Filter>done</Filter>
    </ClCompile>
    <ClCompile Include="2454.secondGreaterElement.cpp">
      <Filter>done</Filter>
    </ClCompile>
    <ClCompile Include="2444.countSubarrays.cpp">
      <Filter>done</Filter>
    </ClCompile>
    <ClCompile Include="2440.componentValue.cpp">
      <Filter>done</Filter>
    </ClCompile>
    <ClCompile Include="2435.numberOfPaths.cpp">
      <Filter>done</Filter>
    </ClCompile>
    <ClCompile Include="2421.numberOfGoodPaths.cpp">
      <Filter>done</Filter>
    </ClCompile>
    <ClCompile Include="2416.sumPrefixScores.cpp">
      <Filter>done</Filter>
    </ClCompile>
    <ClCompile Include="2407.lengthOfLIS.cpp">
      <Filter>done</Filter>
    </ClCompile>
    <ClCompile Include="2402.mostBooked.cpp">
      <Filter>done</Filter>
    </ClCompile>
    <ClCompile Include="2398.maximumRobots.cpp">
      <Filter>done</Filter>
    </ClCompile>
    <ClCompile Include="2392.buildMatrix.cpp">
      <Filter>done</Filter>
    </ClCompile>
    <ClCompile Include="2386.kSum.cpp">
      <Filter>done</Filter>
    </ClCompile>
    <ClCompile Include="2382.maximumSegmentSum.cpp">
      <Filter>done</Filter>
    </ClCompile>
    <ClCompile Include="2376.countSpecialNumbers.cpp">
      <Filter>done</Filter>
    </ClCompile>
    <ClCompile Include="2338.idealArrays.cpp">
      <Filter>done</Filter>
    </ClCompile>
    <ClCompile Include="2322.minimumScore.cpp">
      <Filter>done</Filter>
    </ClCompile>
    <ClCompile Include="2831.longestEqualSubarray.cpp">
      <Filter>done</Filter>
    </ClCompile>
    <ClCompile Include="2827.numberOfBeautifulIntegers.cpp">
      <Filter>done</Filter>
    </ClCompile>
    <ClCompile Include="2272.largestVariance.cpp">
      <Filter>done</Filter>
    </ClCompile>
    <ClCompile Include="2213.longestRepeating.cpp">
      <Filter>done</Filter>
    </ClCompile>
    <ClCompile Include="1782.countPairs.cpp">
      <Filter>done</Filter>
    </ClCompile>
    <ClCompile Include="2188.minimumFinishTime.cpp">
      <Filter>done</Filter>
    </ClCompile>
    <ClCompile Include="2172.maximumANDSum.cpp">
      <Filter>done</Filter>
    </ClCompile>
    <ClCompile Include="1515.getMinDistSum.cpp">
      <Filter>done</Filter>
    </ClCompile>
    <ClCompile Include="753.crackSafe.cpp">
      <Filter>done</Filter>
    </ClCompile>
    <ClCompile Include="1977.numberOfCombinations.cpp">
      <Filter>done</Filter>
    </ClCompile>
    <ClCompile Include="1982.recoverArray.cpp">
      <Filter>done</Filter>
    </ClCompile>
    <ClCompile Include="2179.goodTriplets.cpp">
      <Filter>done</Filter>
    </ClCompile>
    <ClCompile Include="2227.Encrypter.cpp">
      <Filter>done</Filter>
    </ClCompile>
    <ClCompile Include="2800.minimumString.cpp">
      <Filter>done</Filter>
    </ClCompile>
    <ClCompile Include="2801.countSteppingNumbers.cpp">
      <Filter>done</Filter>
    </ClCompile>
    <ClCompile Include="2267.hasValidPath.cpp">
      <Filter>done</Filter>
    </ClCompile>
    <ClCompile Include="2281.totalStrength.cpp">
      <Filter>done</Filter>
    </ClCompile>
    <ClCompile Include="2286.BookMyShow.cpp">
      <Filter>done</Filter>
    </ClCompile>
    <ClCompile Include="lcp.48.gobang.cpp">
      <Filter>done</Filter>
    </ClCompile>
    <ClCompile Include="lcp.49.ringGame.cpp">
      <Filter>done</Filter>
    </ClCompile>
    <ClCompile Include="2836.getMaxFunctionValue.cpp">
      <Filter>done</Filter>
    </ClCompile>
    <ClCompile Include="1761.minTrioDegree.cpp">
      <Filter>done</Filter>
    </ClCompile>
    <ClCompile Include="2223.sumScores.cpp">
      <Filter>done</Filter>
    </ClCompile>
    <ClCompile Include="lcp.82.treeOfInfiniteSouls.cpp">
      <Filter>done</Filter>
    </ClCompile>
    <ClCompile Include="lcp.31.escapeMaze.cpp">
      <Filter>done</Filter>
    </ClCompile>
    <ClCompile Include="lcp.38.guardCastle.cpp">
      <Filter>done</Filter>
    </ClCompile>
    <ClCompile Include="lcp54.minimumCost.cpp">
      <Filter>todo</Filter>
    </ClCompile>
    <ClCompile Include="460.LFUCache.cpp">
      <Filter>done</Filter>
    </ClCompile>
    <ClCompile Include="2851.numberOfWays.cpp">
      <Filter>done</Filter>
    </ClCompile>
    <ClCompile Include="2858.minEdgeReversals.cpp">
      <Filter>done</Filter>
    </ClCompile>
    <ClCompile Include="2875.minSizeSubarray.cpp">
      <Filter>todo</Filter>
    </ClCompile>
  </ItemGroup>
  <ItemGroup>
    <Filter Include="todo">
      <UniqueIdentifier>{2caf2b35-83c0-4c4a-bb83-e5903fc55029}</UniqueIdentifier>
    </Filter>
    <Filter Include="done">
      <UniqueIdentifier>{4c409bba-0e77-455c-8dc9-806fcdd73838}</UniqueIdentifier>
    </Filter>
  </ItemGroup>
  <ItemGroup>
    <Text Include="Readme.txt">
      <Filter>done</Filter>
    </Text>
  </ItemGroup>
</Project>